{
  "originHash" : "98a3f952cf87f7bfb2976029337bf87912d9e98a702506dd6830df899a3a16be",
  "pins" : [
    {
      "identity" : "tools4swiftui",
      "kind" : "remoteSourceControl",
      "location" : "https://github.com/iOmega8561/Tools4SwiftUI",
      "state" : {
        "branch" : "master",
        "revision" : "e0af731d15be1fe969d8407b23ad7ec8d5930ea9"
      }
    }
  ],
  "version" : 3
}
